
Microsoft Visual Studio Solution File, Format Version 12.00
# Visual Studio 15
VisualStudioVersion = 15.0.27130.2010
MinimumVisualStudioVersion = 10.0.40219.1
Project("{888888A0-9F3D-457C-B088-3A5042F75D52}") = "Simulation", "Simulation\Simulation.pyproj", "{1E42498E-D999-4578-B5C7-C24C272E5D80}"
EndProject
Global
	GlobalSection(SolutionConfigurationPlatforms) = preSolution
		Debug|Any CPU = Debug|Any CPU
		Release|Any CPU = Release|Any CPU
	EndGlobalSection
	GlobalSection(ProjectConfigurationPlatforms) = postSolution
		{1E42498E-D999-4578-B5C7-C24C272E5D80}.Debug|Any CPU.ActiveCfg = Debug|Any CPU
		{1E42498E-D999-4578-B5C7-C24C272E5D80}.Release|Any CPU.ActiveCfg = Release|Any CPU
	EndGlobalSection
	GlobalSection(SolutionProperties) = preSolution
		HideSolutionNode = FALSE
	EndGlobalSection
	GlobalSection(ExtensibilityGlobals) = postSolution
		SolutionGuid = {57E66B9A-4012-4438-9334-999B83CACF9A}
	EndGlobalSection
EndGlobal
